// !$*UTF8*$!
{
	archiveVersion = 1;
	classes = {
	};
	objectVersion = 50;
	objects = {

/* Begin PBXBuildFile section */
		3F3459C02244D23300630FFF /* AppDelegate.swift in Sources */ = {isa = PBXBuildFile; fileRef = 3F3459BF2244D23300630FFF /* AppDelegate.swift */; };
		3F3459C22244D23300630FFF /* MasterViewController.swift in Sources */ = {isa = PBXBuildFile; fileRef = 3F3459C12244D23300630FFF /* MasterViewController.swift */; };
		3F3459C42244D23300630FFF /* DetailViewController.swift in Sources */ = {isa = PBXBuildFile; fileRef = 3F3459C32244D23300630FFF /* DetailViewController.swift */; };
		3F3459C72244D23300630FFF /* Main.storyboard in Resources */ = {isa = PBXBuildFile; fileRef = 3F3459C52244D23300630FFF /* Main.storyboard */; };
		3F3459C92244D23400630FFF /* Assets.xcassets in Resources */ = {isa = PBXBuildFile; fileRef = 3F3459C82244D23400630FFF /* Assets.xcassets */; };
		3F3459CC2244D23400630FFF /* LaunchScreen.storyboard in Resources */ = {isa = PBXBuildFile; fileRef = 3F3459CA2244D23400630FFF /* LaunchScreen.storyboard */; };
		3F3459D72244D23400630FFF /* MasterDetailDemo2Tests.swift in Sources */ = {isa = PBXBuildFile; fileRef = 3F3459D62244D23400630FFF /* MasterDetailDemo2Tests.swift */; };
		3F3459E22244D23400630FFF /* MasterDetailDemo2UITests.swift in Sources */ = {isa = PBXBuildFile; fileRef = 3F3459E12244D23400630FFF /* MasterDetailDemo2UITests.swift */; };
/* End PBXBuildFile section */

/* Begin PBXContainerItemProxy section */
		3F3459D32244D23400630FFF /* PBXContainerItemProxy */ = {
			isa = PBXContainerItemProxy;
			containerPortal = 3F3459B42244D23300630FFF /* Project object */;
			proxyType = 1;
			remoteGlobalIDString = 3F3459BB2244D23300630FFF;
			remoteInfo = MasterDetailDemo2;
		};
		3F3459DE2244D23400630FFF /* PBXContainerItemProxy */ = {
			isa = PBXContainerItemProxy;
			containerPortal = 3F3459B42244D23300630FFF /* Project object */;
			proxyType = 1;
			remoteGlobalIDString = 3F3459BB2244D23300630FFF;
			remoteInfo = MasterDetailDemo2;
		};
/* End PBXContainerItemProxy section */

/* Begin PBXFileReference section */
		3F3459BC2244D23300630FFF /* MasterDetailDemo2.app */ = {isa = PBXFileReference; explicitFileType = wrapper.application; includeInIndex = 0; path = MasterDetailDemo2.app; sourceTree = BUILT_PRODUCTS_DIR; };
		3F3459BF2244D23300630FFF /* AppDelegate.swift */ = {isa = PBXFileReference; lastKnownFileType = sourcecode.swift; path = AppDelegate.swift; sourceTree = "<group>"; };
		3F3459C12244D23300630FFF /* MasterViewController.swift */ = {isa = PBXFileReference; lastKnownFileType = sourcecode.swift; path = MasterViewController.swift; sourceTree = "<group>"; };
		3F3459C32244D23300630FFF /* DetailViewController.swift */ = {isa = PBXFileReference; lastKnownFileType = sourcecode.swift; path = DetailViewController.swift; sourceTree = "<group>"; };
		3F3459C62244D23300630FFF /* Base */ = {isa = PBXFileReference; lastKnownFileType = file.storyboard; name = Base; path = Base.lproj/Main.storyboard; sourceTree = "<group>"; };
		3F3459C82244D23400630FFF /* Assets.xcassets */ = {isa = PBXFileReference; lastKnownFileType = folder.assetcatalog; path = Assets.xcassets; sourceTree = "<group>"; };
		3F3459CB2244D23400630FFF /* Base */ = {isa = PBXFileReference; lastKnownFileType = file.storyboard; name = Base; path = Base.lproj/LaunchScreen.storyboard; sourceTree = "<group>"; };
		3F3459CD2244D23400630FFF /* Info.plist */ = {isa = PBXFileReference; lastKnownFileType = text.plist.xml; path = Info.plist; sourceTree = "<group>"; };
		3F3459D22244D23400630FFF /* MasterDetailDemo2Tests.xctest */ = {isa = PBXFileReference; explicitFileType = wrapper.cfbundle; includeInIndex = 0; path = MasterDetailDemo2Tests.xctest; sourceTree = BUILT_PRODUCTS_DIR; };
		3F3459D62244D23400630FFF /* MasterDetailDemo2Tests.swift */ = {isa = PBXFileReference; lastKnownFileType = sourcecode.swift; path = MasterDetailDemo2Tests.swift; sourceTree = "<group>"; };
		3F3459D82244D23400630FFF /* Info.plist */ = {isa = PBXFileReference; lastKnownFileType = text.plist.xml; path = Info.plist; sourceTree = "<group>"; };
		3F3459DD2244D23400630FFF /* MasterDetailDemo2UITests.xctest */ = {isa = PBXFileReference; explicitFileType = wrapper.cfbundle; includeInIndex = 0; path = MasterDetailDemo2UITests.xctest; sourceTree = BUILT_PRODUCTS_DIR; };
		3F3459E12244D23400630FFF /* MasterDetailDemo2UITests.swift */ = {isa = PBXFileReference; lastKnownFileType = sourcecode.swift; path = MasterDetailDemo2UITests.swift; sourceTree = "<group>"; };
		3F3459E32244D23400630FFF /* Info.plist */ = {isa = PBXFileReference; lastKnownFileType = text.plist.xml; path = Info.plist; sourceTree = "<group>"; };
/* End PBXFileReference section */

/* Begin PBXFrameworksBuildPhase section */
		3F3459B92244D23300630FFF /* Frameworks */ = {
			isa = PBXFrameworksBuildPhase;
			buildActionMask = 2147483647;
			files = (
			);
			runOnlyForDeploymentPostprocessing = 0;
		};
		3F3459CF2244D23400630FFF /* Frameworks */ = {
			isa = PBXFrameworksBuildPhase;
			buildActionMask = 2147483647;
			files = (
			);
			runOnlyForDeploymentPostprocessing = 0;
		};
		3F3459DA2244D23400630FFF /* Frameworks */ = {
			isa = PBXFrameworksBuildPhase;
			buildActionMask = 2147483647;
			files = (
			);
			runOnlyForDeploymentPostprocessing = 0;
		};
/* End PBXFrameworksBuildPhase section */

/* Begin PBXGroup section */
		3F3459B32244D23300630FFF = {
			isa = PBXGroup;
			children = (
				3F3459BE2244D23300630FFF /* MasterDetailDemo2 */,
				3F3459D52244D23400630FFF /* MasterDetailDemo2Tests */,
				3F3459E02244D23400630FFF /* MasterDetailDemo2UITests */,
				3F3459BD2244D23300630FFF /* Products */,
			);
			sourceTree = "<group>";
		};
		3F3459BD2244D23300630FFF /* Products */ = {
			isa = PBXGroup;
			children = (
				3F3459BC2244D23300630FFF /* MasterDetailDemo2.app */,
				3F3459D22244D23400630FFF /* MasterDetailDemo2Tests.xctest */,
				3F3459DD2244D23400630FFF /* MasterDetailDemo2UITests.xctest */,
			);
			name = Products;
			sourceTree = "<group>";
		};
		3F3459BE2244D23300630FFF /* MasterDetailDemo2 */ = {
			isa = PBXGroup;
			children = (
				3F3459BF2244D23300630FFF /* AppDelegate.swift */,
				3F3459C12244D23300630FFF /* MasterViewController.swift */,
				3F3459C32244D23300630FFF /* DetailViewController.swift */,
				3F3459C52244D23300630FFF /* Main.storyboard */,
				3F3459C82244D23400630FFF /* Assets.xcassets */,
				3F3459CA2244D23400630FFF /* LaunchScreen.storyboard */,
				3F3459CD2244D23400630FFF /* Info.plist */,
			);
			path = MasterDetailDemo2;
			sourceTree = "<group>";
		};
		3F3459D52244D23400630FFF /* MasterDetailDemo2Tests */ = {
			isa = PBXGroup;
			children = (
				3F3459D62244D23400630FFF /* MasterDetailDemo2Tests.swift */,
				3F3459D82244D23400630FFF /* Info.plist */,
			);
			path = MasterDetailDemo2Tests;
			sourceTree = "<group>";
		};
		3F3459E02244D23400630FFF /* MasterDetailDemo2UITests */ = {
			isa = PBXGroup;
			children = (
				3F3459E12244D23400630FFF /* MasterDetailDemo2UITests.swift */,
				3F3459E32244D23400630FFF /* Info.plist */,
			);
			path = MasterDetailDemo2UITests;
			sourceTree = "<group>";
		};
/* End PBXGroup section */

/* Begin PBXNativeTarget section */
		3F3459BB2244D23300630FFF /* MasterDetailDemo2 */ = {
			isa = PBXNativeTarget;
			buildConfigurationList = 3F3459E62244D23400630FFF /* Build configuration list for PBXNativeTarget "MasterDetailDemo2" */;
			buildPhases = (
				3F3459B82244D23300630FFF /* Sources */,
				3F3459B92244D23300630FFF /* Frameworks */,
				3F3459BA2244D23300630FFF /* Resources */,
			);
			buildRules = (
			);
			dependencies = (
			);
			name = MasterDetailDemo2;
			productName = MasterDetailDemo2;
			productReference = 3F3459BC2244D23300630FFF /* MasterDetailDemo2.app */;
			productType = "com.apple.product-type.application";
		};
		3F3459D12244D23400630FFF /* MasterDetailDemo2Tests */ = {
			isa = PBXNativeTarget;
			buildConfigurationList = 3F3459E92244D23400630FFF /* Build configuration list for PBXNativeTarget "MasterDetailDemo2Tests" */;
			buildPhases = (
				3F3459CE2244D23400630FFF /* Sources */,
				3F3459CF2244D23400630FFF /* Frameworks */,
				3F3459D02244D23400630FFF /* Resources */,
			);
			buildRules = (
			);
			dependencies = (
				3F3459D42244D23400630FFF /* PBXTargetDependency */,
			);
			name = MasterDetailDemo2Tests;
			productName = MasterDetailDemo2Tests;
			productReference = 3F3459D22244D23400630FFF /* MasterDetailDemo2Tests.xctest */;
			productType = "com.apple.product-type.bundle.unit-test";
		};
		3F3459DC2244D23400630FFF /* MasterDetailDemo2UITests */ = {
			isa = PBXNativeTarget;
			buildConfigurationList = 3F3459EC2244D23400630FFF /* Build configuration list for PBXNativeTarget "MasterDetailDemo2UITests" */;
			buildPhases = (
				3F3459D92244D23400630FFF /* Sources */,
				3F3459DA2244D23400630FFF /* Frameworks */,
				3F3459DB2244D23400630FFF /* Resources */,
			);
			buildRules = (
			);
			dependencies = (
				3F3459DF2244D23400630FFF /* PBXTargetDependency */,
			);
			name = MasterDetailDemo2UITests;
			productName = MasterDetailDemo2UITests;
			productReference = 3F3459DD2244D23400630FFF /* MasterDetailDemo2UITests.xctest */;
			productType = "com.apple.product-type.bundle.ui-testing";
		};
/* End PBXNativeTarget section */

/* Begin PBXProject section */
		3F3459B42244D23300630FFF /* Project object */ = {
			isa = PBXProject;
			attributes = {
				LastSwiftUpdateCheck = 1010;
				LastUpgradeCheck = 1010;
				ORGANIZATIONNAME = HoangAnh;
				TargetAttributes = {
					3F3459BB2244D23300630FFF = {
						CreatedOnToolsVersion = 10.1;
					};
					3F3459D12244D23400630FFF = {
						CreatedOnToolsVersion = 10.1;
						TestTargetID = 3F3459BB2244D23300630FFF;
					};
					3F3459DC2244D23400630FFF = {
						CreatedOnToolsVersion = 10.1;
						TestTargetID = 3F3459BB2244D23300630FFF;
					};
				};
			};
			buildConfigurationList = 3F3459B72244D23300630FFF /* Build configuration list for PBXProject "MasterDetailDemo2" */;
			compatibilityVersion = "Xcode 9.3";
			developmentRegion = en;
			hasScannedForEncodings = 0;
			knownRegions = (
				en,
				Base,
			);
			mainGroup = 3F3459B32244D23300630FFF;
			productRefGroup = 3F3459BD2244D23300630FFF /* Products */;
			projectDirPath = "";
			projectRoot = "";
			targets = (
				3F3459BB2244D23300630FFF /* MasterDetailDemo2 */,
				3F3459D12244D23400630FFF /* MasterDetailDemo2Tests */,
				3F3459DC2244D23400630FFF /* MasterDetailDemo2UITests */,
			);
		};
/* End PBXProject section */

/* Begin PBXResourcesBuildPhase section */
		3F3459BA2244D23300630FFF /* Resources */ = {
			isa = PBXResourcesBuildPhase;
			buildActionMask = 2147483647;
			files = (
				3F3459CC2244D23400630FFF /* LaunchScreen.storyboard in Resources */,
				3F3459C92244D23400630FFF /* Assets.xcassets in Resources */,
				3F3459C72244D23300630FFF /* Main.storyboard in Resources */,
			);
			runOnlyForDeploymentPostprocessing = 0;
		};
		3F3459D02244D23400630FFF /* Resources */ = {
			isa = PBXResourcesBuildPhase;
			buildActionMask = 2147483647;
			files = (
			);
			runOnlyForDeploymentPostprocessing = 0;
		};
		3F3459DB2244D23400630FFF /* Resources */ = {
			isa = PBXResourcesBuildPhase;
			buildActionMask = 2147483647;
			files = (
			);
			runOnlyForDeploymentPostprocessing = 0;
		};
/* End PBXResourcesBuildPhase section */

/* Begin PBXSourcesBuildPhase section */
		3F3459B82244D23300630FFF /* Sources */ = {
			isa = PBXSourcesBuildPhase;
			buildActionMask = 2147483647;
			files = (
				3F3459C42244D23300630FFF /* DetailViewController.swift in Sources */,
				3F3459C22244D23300630FFF /* MasterViewController.swift in Sources */,
				3F3459C02244D23300630FFF /* AppDelegate.swift in Sources */,
			);
			runOnlyForDeploymentPostprocessing = 0;
		};
		3F3459CE2244D23400630FFF /* Sources */ = {
			isa = PBXSourcesBuildPhase;
			buildActionMask = 2147483647;
			files = (
				3F3459D72244D23400630FFF /* MasterDetailDemo2Tests.swift in Sources */,
			);
			runOnlyForDeploymentPostprocessing = 0;
		};
		3F3459D92244D23400630FFF /* Sources */ = {
			isa = PBXSourcesBuildPhase;
			buildActionMask = 2147483647;
			files = (
				3F3459E22244D23400630FFF /* MasterDetailDemo2UITests.swift in Sources */,
			);
			runOnlyForDeploymentPostprocessing = 0;
		};
/* End PBXSourcesBuildPhase section */

/* Begin PBXTargetDependency section */
		3F3459D42244D23400630FFF /* PBXTargetDependency */ = {
			isa = PBXTargetDependency;
			target = 3F3459BB2244D23300630FFF /* MasterDetailDemo2 */;
			targetProxy = 3F3459D32244D23400630FFF /* PBXContainerItemProxy */;
		};
		3F3459DF2244D23400630FFF /* PBXTargetDependency */ = {
			isa = PBXTargetDependency;
			target = 3F3459BB2244D23300630FFF /* MasterDetailDemo2 */;
			targetProxy = 3F3459DE2244D23400630FFF /* PBXContainerItemProxy */;
		};
/* End PBXTargetDependency section */

/* Begin PBXVariantGroup section */
		3F3459C52244D23300630FFF /* Main.storyboard */ = {
			isa = PBXVariantGroup;
			children = (
				3F3459C62244D23300630FFF /* Base */,
			);
			name = Main.storyboard;
			sourceTree = "<group>";
		};
		3F3459CA2244D23400630FFF /* LaunchScreen.storyboard */ = {
			isa = PBXVariantGroup;
			children = (
				3F3459CB2244D23400630FFF /* Base */,
			);
			name = LaunchScreen.storyboard;
			sourceTree = "<group>";
		};
/* End PBXVariantGroup section */

/* Begin XCBuildConfiguration section */
		3F3459E42244D23400630FFF /* Debug */ = {
			isa = XCBuildConfiguration;
			buildSettings = {
				ALWAYS_SEARCH_USER_PATHS = NO;
				CLANG_ANALYZER_NONNULL = YES;
				CLANG_ANALYZER_NUMBER_OBJECT_CONVERSION = YES_AGGRESSIVE;
				CLANG_CXX_LANGUAGE_STANDARD = "gnu++14";
				CLANG_CXX_LIBRARY = "libc++";
				CLANG_ENABLE_MODULES = YES;
				CLANG_ENABLE_OBJC_ARC = YES;
				CLANG_ENABLE_OBJC_WEAK = YES;
				CLANG_WARN_BLOCK_CAPTURE_AUTORELEASING = YES;
				CLANG_WARN_BOOL_CONVERSION = YES;
				CLANG_WARN_COMMA = YES;
				CLANG_WARN_CONSTANT_CONVERSION = YES;
				CLANG_WARN_DEPRECATED_OBJC_IMPLEMENTATIONS = YES;
				CLANG_WARN_DIRECT_OBJC_ISA_USAGE = YES_ERROR;
				CLANG_WARN_DOCUMENTATION_COMMENTS = YES;
				CLANG_WARN_EMPTY_BODY = YES;
				CLANG_WARN_ENUM_CONVERSION = YES;
				CLANG_WARN_INFINITE_RECURSION = YES;
				CLANG_WARN_INT_CONVERSION = YES;
				CLANG_WARN_NON_LITERAL_NULL_CONVERSION = YES;
				CLANG_WARN_OBJC_IMPLICIT_RETAIN_SELF = YES;
				CLANG_WARN_OBJC_LITERAL_CONVERSION = YES;
				CLANG_WARN_OBJC_ROOT_CLASS = YES_ERROR;
				CLANG_WARN_RANGE_LOOP_ANALYSIS = YES;
				CLANG_WARN_STRICT_PROTOTYPES = YES;
				CLANG_WARN_SUSPICIOUS_MOVE = YES;
				CLANG_WARN_UNGUARDED_AVAILABILITY = YES_AGGRESSIVE;
				CLANG_WARN_UNREACHABLE_CODE = YES;
				CLANG_WARN__DUPLICATE_METHOD_MATCH = YES;
				CODE_SIGN_IDENTITY = "iPhone Developer";
				COPY_PHASE_STRIP = NO;
				DEBUG_INFORMATION_FORMAT = dwarf;
				ENABLE_STRICT_OBJC_MSGSEND = YES;
				ENABLE_TESTABILITY = YES;
				GCC_C_LANGUAGE_STANDARD = gnu11;
				GCC_DYNAMIC_NO_PIC = NO;
				GCC_NO_COMMON_BLOCKS = YES;
				GCC_OPTIMIZATION_LEVEL = 0;
				GCC_PREPROCESSOR_DEFINITIONS = (
					"DEBUG=1",
					"$(inherited)",
				);
				GCC_WARN_64_TO_32_BIT_CONVERSION = YES;
				GCC_WARN_ABOUT_RETURN_TYPE = YES_ERROR;
				GCC_WARN_UNDECLARED_SELECTOR = YES;
				GCC_WARN_UNINITIALIZED_AUTOS = YES_AGGRESSIVE;
				GCC_WARN_UNUSED_FUNCTION = YES;
				GCC_WARN_UNUSED_VARIABLE = YES;
				IPHONEOS_DEPLOYMENT_TARGET = 12.1;
				MTL_ENABLE_DEBUG_INFO = INCLUDE_SOURCE;
				MTL_FAST_MATH = YES;
				ONLY_ACTIVE_ARCH = YES;
				SDKROOT = iphoneos;
				SWIFT_ACTIVE_COMPILATION_CONDITIONS = DEBUG;
				SWIFT_OPTIMIZATION_LEVEL = "-Onone";
			};
			name = Debug;
		};
		3F3459E52244D23400630FFF /* Release */ = {
			isa = XCBuildConfiguration;
			buildSettings = {
				ALWAYS_SEARCH_USER_PATHS = NO;
				CLANG_ANALYZER_NONNULL = YES;
				CLANG_ANALYZER_NUMBER_OBJECT_CONVERSION = YES_AGGRESSIVE;
				CLANG_CXX_LANGUAGE_STANDARD = "gnu++14";
				CLANG_CXX_LIBRARY = "libc++";
				CLANG_ENABLE_MODULES = YES;
				CLANG_ENABLE_OBJC_ARC = YES;
				CLANG_ENABLE_OBJC_WEAK = YES;
				CLANG_WARN_BLOCK_CAPTURE_AUTORELEASING = YES;
				CLANG_WARN_BOOL_CONVERSION = YES;
				CLANG_WARN_COMMA = YES;
				CLANG_WARN_CONSTANT_CONVERSION = YES;
				CLANG_WARN_DEPRECATED_OBJC_IMPLEMENTATIONS = YES;
				CLANG_WARN_DIRECT_OBJC_ISA_USAGE = YES_ERROR;
				CLANG_WARN_DOCUMENTATION_COMMENTS = YES;
				CLANG_WARN_EMPTY_BODY = YES;
				CLANG_WARN_ENUM_CONVERSION = YES;
				CLANG_WARN_INFINITE_RECURSION = YES;
				CLANG_WARN_INT_CONVERSION = YES;
				CLANG_WARN_NON_LITERAL_NULL_CONVERSION = YES;
				CLANG_WARN_OBJC_IMPLICIT_RETAIN_SELF = YES;
				CLANG_WARN_OBJC_LITERAL_CONVERSION = YES;
				CLANG_WARN_OBJC_ROOT_CLASS = YES_ERROR;
				CLANG_WARN_RANGE_LOOP_ANALYSIS = YES;
				CLANG_WARN_STRICT_PROTOTYPES = YES;
				CLANG_WARN_SUSPICIOUS_MOVE = YES;
				CLANG_WARN_UNGUARDED_AVAILABILITY = YES_AGGRESSIVE;
				CLANG_WARN_UNREACHABLE_CODE = YES;
				CLANG_WARN__DUPLICATE_METHOD_MATCH = YES;
				CODE_SIGN_IDENTITY = "iPhone Developer";
				COPY_PHASE_STRIP = NO;
				DEBUG_INFORMATION_FORMAT = "dwarf-with-dsym";
				ENABLE_NS_ASSERTIONS = NO;
				ENABLE_STRICT_OBJC_MSGSEND = YES;
				GCC_C_LANGUAGE_STANDARD = gnu11;
				GCC_NO_COMMON_BLOCKS = YES;
				GCC_WARN_64_TO_32_BIT_CONVERSION = YES;
				GCC_WARN_ABOUT_RETURN_TYPE = YES_ERROR;
				GCC_WARN_UNDECLARED_SELECTOR = YES;
				GCC_WARN_UNINITIALIZED_AUTOS = YES_AGGRESSIVE;
				GCC_WARN_UNUSED_FUNCTION = YES;
				GCC_WARN_UNUSED_VARIABLE = YES;
				IPHONEOS_DEPLOYMENT_TARGET = 12.1;
				MTL_ENABLE_DEBUG_INFO = NO;
				MTL_FAST_MATH = YES;
				SDKROOT = iphoneos;
				SWIFT_COMPILATION_MODE = wholemodule;
				SWIFT_OPTIMIZATION_LEVEL = "-O";
				VALIDATE_PRODUCT = YES;
			};
			name = Release;
		};
		3F3459E72244D23400630FFF /* Debug */ = {
			isa = XCBuildConfiguration;
			buildSettings = {
				ASSETCATALOG_COMPILER_APPICON_NAME = AppIcon;
				CODE_SIGN_STYLE = Automatic;
				INFOPLIST_FILE = MasterDetailDemo2/Info.plist;
				LD_RUNPATH_SEARCH_PATHS = (
					"$(inherited)",
					"@executable_path/Frameworks",
				);
				PRODUCT_BUNDLE_IDENTIFIER = app.MasterDetailDemo2;
				PRODUCT_NAME = "$(TARGET_NAME)";
				SWIFT_VERSION = 4.2;
				TARGETED_DEVICE_FAMILY = "1,2";
			};
			name = Debug;
		};
		3F3459E82244D23400630FFF /* Release */ = {
			isa = XCBuildConfiguration;
			buildSettings = {
				ASSETCATALOG_COMPILER_APPICON_NAME = AppIcon;
				CODE_SIGN_STYLE = Automatic;
				INFOPLIST_FILE = MasterDetailDemo2/Info.plist;
				LD_RUNPATH_SEARCH_PATHS = (
					"$(inherited)",
					"@executable_path/Frameworks",
				);
				PRODUCT_BUNDLE_IDENTIFIER = app.MasterDetailDemo2;
				PRODUCT_NAME = "$(TARGET_NAME)";
				SWIFT_VERSION = 4.2;
				TARGETED_DEVICE_FAMILY = "1,2";
			};
			name = Release;
		};
		3F3459EA2244D23400630FFF /* Debug */ = {
			isa = XCBuildConfiguration;
			buildSettings = {
				ALWAYS_EMBED_SWIFT_STANDARD_LIBRARIES = YES;
				BUNDLE_LOADER = "$(TEST_HOST)";
				CODE_SIGN_STYLE = Automatic;
				INFOPLIST_FILE = MasterDetailDemo2Tests/Info.plist;
				LD_RUNPATH_SEARCH_PATHS = (
					"$(inherited)",
					"@executable_path/Frameworks",
					"@loader_path/Frameworks",
				);
				PRODUCT_BUNDLE_IDENTIFIER = app.MasterDetailDemo2Tests;
				PRODUCT_NAME = "$(TARGET_NAME)";
				SWIFT_VERSION = 4.2;
				TARGETED_DEVICE_FAMILY = "1,2";
				TEST_HOST = "$(BUILT_PRODUCTS_DIR)/MasterDetailDemo2.app/MasterDetailDemo2";
			};
			name = Debug;
		};
		3F3459EB2244D23400630FFF /* Release */ = {
			isa = XCBuildConfiguration;
			buildSettings = {
				ALWAYS_EMBED_SWIFT_STANDARD_LIBRARIES = YES;
				BUNDLE_LOADER = "$(TEST_HOST)";
				CODE_SIGN_STYLE = Automatic;
				INFOPLIST_FILE = MasterDetailDemo2Tests/Info.plist;
				LD_RUNPATH_SEARCH_PATHS = (
					"$(inherited)",
					"@executable_path/Frameworks",
					"@loader_path/Frameworks",
				);
				PRODUCT_BUNDLE_IDENTIFIER = app.MasterDetailDemo2Tests;
				PRODUCT_NAME = "$(TARGET_NAME)";
				SWIFT_VERSION = 4.2;
				TARGETED_DEVICE_FAMILY = "1,2";
				TEST_HOST = "$(BUILT_PRODUCTS_DIR)/MasterDetailDemo2.app/MasterDetailDemo2";
			};
			name = Release;
		};
		3F3459ED2244D23400630FFF /* Debug */ = {
			isa = XCBuildConfiguration;
			buildSettings = {
				ALWAYS_EMBED_SWIFT_STANDARD_LIBRARIES = YES;
				CODE_SIGN_STYLE = Automatic;
				INFOPLIST_FILE = MasterDetailDemo2UITests/Info.plist;
				LD_RUNPATH_SEARCH_PATHS = (
					"$(inherited)",
					"@executable_path/Frameworks",
					"@loader_path/Frameworks",
				);
				PRODUCT_BUNDLE_IDENTIFIER = app.MasterDetailDemo2UITests;
				PRODUCT_NAME = "$(TARGET_NAME)";
				SWIFT_VERSION = 4.2;
				TARGETED_DEVICE_FAMILY = "1,2";
				TEST_TARGET_NAME = MasterDetailDemo2;
			};
			name = Debug;
		};
		3F3459EE2244D23400630FFF /* Release */ = {
			isa = XCBuildConfiguration;
			buildSettings = {
				ALWAYS_EMBED_SWIFT_STANDARD_LIBRARIES = YES;
				CODE_SIGN_STYLE = Automatic;
				INFOPLIST_FILE = MasterDetailDemo2UITests/Info.plist;
				LD_RUNPATH_SEARCH_PATHS = (
					"$(inherited)",
					"@executable_path/Frameworks",
					"@loader_path/Frameworks",
				);
				PRODUCT_BUNDLE_IDENTIFIER = app.MasterDetailDemo2UITests;
				PRODUCT_NAME = "$(TARGET_NAME)";
				SWIFT_VERSION = 4.2;
				TARGETED_DEVICE_FAMILY = "1,2";
				TEST_TARGET_NAME = MasterDetailDemo2;
			};
			name = Release;
		};
/* End XCBuildConfiguration section */

/* Begin XCConfigurationList section */
		3F3459B72244D23300630FFF /* Build configuration list for PBXProject "MasterDetailDemo2" */ = {
			isa = XCConfigurationList;
			buildConfigurations = (
				3F3459E42244D23400630FFF /* Debug */,
				3F3459E52244D23400630FFF /* Release */,
			);
			defaultConfigurationIsVisible = 0;
			defaultConfigurationName = Release;
		};
		3F3459E62244D23400630FFF /* Build configuration list for PBXNativeTarget "MasterDetailDemo2" */ = {
			isa = XCConfigurationList;
			buildConfigurations = (
				3F3459E72244D23400630FFF /* Debug */,
				3F3459E82244D23400630FFF /* Release */,
			);
			defaultConfigurationIsVisible = 0;
			defaultConfigurationName = Release;
		};
		3F3459E92244D23400630FFF /* Build configuration list for PBXNativeTarget "MasterDetailDemo2Tests" */ = {
			isa = XCConfigurationList;
			buildConfigurations = (
				3F3459EA2244D23400630FFF /* Debug */,
				3F3459EB2244D23400630FFF /* Release */,
			);
			defaultConfigurationIsVisible = 0;
			defaultConfigurationName = Release;
		};
		3F3459EC2244D23400630FFF /* Build configuration list for PBXNativeTarget "MasterDetailDemo2UITests" */ = {
			isa = XCConfigurationList;
			buildConfigurations = (
				3F3459ED2244D23400630FFF /* Debug */,
				3F3459EE2244D23400630FFF /* Release */,
			);
			defaultConfigurationIsVisible = 0;
			defaultConfigurationName = Release;
		};
/* End XCConfigurationList section */
	};
	rootObject = 3F3459B42244D23300630FFF /* Project object */;
}
